
Microsoft Visual Studio Solution File, Format Version 12.00
# Visual Studio Version 17
VisualStudioVersion = 17.3.32901.215
MinimumVisualStudioVersion = 10.0.40219.1
Project("{FAE04EC0-301F-11D3-BF4B-00C04F79EFBC}") = "Labb2AngularAPI", "Labb2AngularAPI\Labb2AngularAPI.csproj", "{CC266793-22F6-419C-B834-852340C001B6}"
EndProject
Global
	GlobalSection(SolutionConfigurationPlatforms) = preSolution
		Debug|Any CPU = Debug|Any CPU
		Release|Any CPU = Release|Any CPU
	EndGlobalSection
	GlobalSection(ProjectConfigurationPlatforms) = postSolution
		{CC266793-22F6-419C-B834-852340C001B6}.Debug|Any CPU.ActiveCfg = Debug|Any CPU
		{CC266793-22F6-419C-B834-852340C001B6}.Debug|Any CPU.Build.0 = Debug|Any CPU
		{CC266793-22F6-419C-B834-852340C001B6}.Release|Any CPU.ActiveCfg = Release|Any CPU
		{CC266793-22F6-419C-B834-852340C001B6}.Release|Any CPU.Build.0 = Release|Any CPU
	EndGlobalSection
	GlobalSection(SolutionProperties) = preSolution
		HideSolutionNode = FALSE
	EndGlobalSection
	GlobalSection(ExtensibilityGlobals) = postSolution
		SolutionGuid = {E57F84FD-8E0C-4624-8836-DA6E804DCD1B}
	EndGlobalSection
EndGlobal
